# This file is autogenerated, do not edit; changes may be undone by the next 'dep ensure'.


[[projects]]
  branch = "master"
  name = "github.com/bitrise-io/depman"
  packages = ["pathutil"]
  revision = "e296641465fca7487059fcabd9bb57e9a3f3b1f8"

[[projects]]
  branch = "master"
  name = "github.com/bitrise-io/go-utils"
  packages = ["colorstring","command","errorutil","log","pathutil"]
  revision = "aa1f44e4c0f8a3a0e7f108640760fbff74eac652"

[solve-meta]
  analyzer-name = "dep"
  analyzer-version = 1
  inputs-digest = "2e95498229c784431363bafc853518fa3cd7966506713de7542c0ef8efc41db5"
  solver-name = "gps-cdcl"
  solver-version = 1
